{
  "name": "headless_chrome",
  "version": "1.0.0",
  "lockfileVersion": 1,
  "dependencies": {
    "@types/core-js": {
      "version": "0.9.42",
      "resolved": "http://registry.npm.taobao.org/@types/core-js/download/@types/core-js-0.9.42.tgz",
      "integrity": "sha1-3W2pLNfVq1ygtEd1JFN8PmM7a84="
    },
    "@types/mkdirp": {
      "version": "0.3.29",
      "resolved": "http://registry.npm.taobao.org/@types/mkdirp/download/@types/mkdirp-0.3.29.tgz",
      "integrity": "sha1-fyrX7FX5FEgvybHsS7GuYCjUYGY="
    },
    "@types/node": {
      "version": "6.0.66",
      "resolved": "http://registry.npm.taobao.org/@types/node/download/@types/node-6.0.66.tgz",
      "integrity": "sha1-VoC3SmE10z1MAER+fD3GkaRgFiU="
    },
    "chrome-launcher": {
      "version": "0.3.0",
      "resolved": "http://registry.npm.taobao.org/chrome-launcher/download/chrome-launcher-0.3.0.tgz",
      "integrity": "sha1-/jgO2cSWK3WPisda0rHt2h47Nx0="
    },
    "chrome-remote-interface": {
      "version": "0.23.3",
      "resolved": "http://registry.npm.taobao.org/chrome-remote-interface/download/chrome-remote-interface-0.23.3.tgz",
      "integrity": "sha1-aG/LP5weGr2Izmm2u3vJ9q/YVWI="
    },
    "commander": {
      "version": "2.1.0",
      "resolved": "http://registry.npm.taobao.org/commander/download/commander-2.1.0.tgz",
      "integrity": "sha1-0SG7roYNmZKj1Re6lvVliOR8Z4E="
    },
    "debug": {
      "version": "2.6.8",
      "resolved": "http://registry.npm.taobao.org/debug/download/debug-2.6.8.tgz",
      "integrity": "sha1-5zFTHKLt4n0YgiJCfaF4IdaP9Pw="
    },
    "lighthouse-logger": {
      "version": "1.0.0",
      "resolved": "http://registry.npm.taobao.org/lighthouse-logger/download/lighthouse-logger-1.0.0.tgz",
      "integrity": "sha1-xqvfu78LSlQaszhkgCy62JRLzIw="
    },
    "minimist": {
      "version": "0.0.8",
      "resolved": "http://registry.npm.taobao.org/minimist/download/minimist-0.0.8.tgz",
      "integrity": "sha1-hX/Kv8M5fSYluCKCYuhqp6ARsF0="
    },
    "mkdirp": {
      "version": "0.5.1",
      "resolved": "http://registry.npm.taobao.org/mkdirp/download/mkdirp-0.5.1.tgz",
      "integrity": "sha1-MAV0OOrGz3+MR2fzhkjWaX11yQM="
    },
    "ms": {
      "version": "2.0.0",
      "resolved": "http://registry.npm.taobao.org/ms/download/ms-2.0.0.tgz",
      "integrity": "sha1-VgiurfwAvmwpAd9fmGF4jeDVl8g="
    },
    "rimraf": {
      "version": "2.2.8",
      "resolved": "http://registry.npm.taobao.org/rimraf/download/rimraf-2.2.8.tgz",
      "integrity": "sha1-5Dm+Kq7jJzIZUnMPmaiSnk/FBYI="
    },
    "ultron": {
      "version": "1.1.0",
      "resolved": "http://registry.npm.taobao.org/ultron/download/ultron-1.1.0.tgz",
      "integrity": "sha1-sHoualQagV/Go0zNRTO67DB8qGQ="
    },
    "ws": {
      "version": "2.0.3",
      "resolved": "http://registry.npm.taobao.org/ws/download/ws-2.0.3.tgz",
      "integrity": "sha1-Uy/UmcP319cg5UPx+AcQbPxX2cs="
    }
  }
}
